Microsoft Visual Studio Solution File, Format Version 8.00
Project("{8BC9CEB8-8B4A-11D0-8D11-00A0C91BC942}") = "libmhash", "libmhash.vcproj", "{C3E259AB-6D37-4613-A4FF-E3A469DF10A3}"
	ProjectSection(ProjectDependencies) = postProject
	EndProjectSection
EndProject
Global
	GlobalSection(SolutionConfiguration) = preSolution
		Debug = Debug
		Release = Release
	EndGlobalSection
	GlobalSection(ProjectConfiguration) = postSolution
		{C3E259AB-6D37-4613-A4FF-E3A469DF10A3}.Debug.ActiveCfg = Debug|Win32
		{C3E259AB-6D37-4613-A4FF-E3A469DF10A3}.Debug.Build.0 = Debug|Win32
		{C3E259AB-6D37-4613-A4FF-E3A469DF10A3}.Release.ActiveCfg = Release|Win32
		{C3E259AB-6D37-4613-A4FF-E3A469DF10A3}.Release.Build.0 = Release|Win32
	EndGlobalSection
	GlobalSection(ExtensibilityGlobals) = postSolution
	EndGlobalSection
	GlobalSection(ExtensibilityAddIns) = postSolution
	EndGlobalSection
EndGlobal
